// !$*UTF8*$!
{
	archiveVersion = 1;
	classes = {
	};
	objectVersion = 46;
	objects = {

/* Begin PBXBuildFile section */
		1B20ECF01CB512A3009047D5 /* main.m in Sources */ = {isa = PBXBuildFile; fileRef = 1B20ECEF1CB512A3009047D5 /* main.m */; };
		1B20ECF31CB512A3009047D5 /* AppDelegate.m in Sources */ = {isa = PBXBuildFile; fileRef = 1B20ECF21CB512A3009047D5 /* AppDelegate.m */; };
		1B20ECF61CB512A3009047D5 /* ViewController.m in Sources */ = {isa = PBXBuildFile; fileRef = 1B20ECF51CB512A3009047D5 /* ViewController.m */; };
		1B20ECF91CB512A3009047D5 /* Main.storyboard in Resources */ = {isa = PBXBuildFile; fileRef = 1B20ECF71CB512A3009047D5 /* Main.storyboard */; };
		1B20ECFB1CB512A3009047D5 /* Assets.xcassets in Resources */ = {isa = PBXBuildFile; fileRef = 1B20ECFA1CB512A3009047D5 /* Assets.xcassets */; };
		1B20ECFE1CB512A3009047D5 /* LaunchScreen.storyboard in Resources */ = {isa = PBXBuildFile; fileRef = 1B20ECFC1CB512A3009047D5 /* LaunchScreen.storyboard */; };
		1B20ED091CB512A3009047D5 /* BrowseOverflowTests.m in Sources */ = {isa = PBXBuildFile; fileRef = 1B20ED081CB512A3009047D5 /* BrowseOverflowTests.m */; };
		1B20ED141CB512A3009047D5 /* BrowseOverflowUITests.m in Sources */ = {isa = PBXBuildFile; fileRef = 1B20ED131CB512A3009047D5 /* BrowseOverflowUITests.m */; };
		AB98E7ED1CB54A5B00E7ECAA /* Topic.m in Sources */ = {isa = PBXBuildFile; fileRef = AB98E7EC1CB54A5B00E7ECAA /* Topic.m */; };
		AB98E7EE1CB54A5B00E7ECAA /* Topic.m in Sources */ = {isa = PBXBuildFile; fileRef = AB98E7EC1CB54A5B00E7ECAA /* Topic.m */; };
		AB98E7F21CB54AC900E7ECAA /* TopicTests.m in Sources */ = {isa = PBXBuildFile; fileRef = AB98E7F11CB54AC900E7ECAA /* TopicTests.m */; };
/* End PBXBuildFile section */

/* Begin PBXContainerItemProxy section */
		1B20ED051CB512A3009047D5 /* PBXContainerItemProxy */ = {
			isa = PBXContainerItemProxy;
			containerPortal = 1B20ECE31CB512A3009047D5 /* Project object */;
			proxyType = 1;
			remoteGlobalIDString = 1B20ECEA1CB512A3009047D5;
			remoteInfo = BrowseOverflow;
		};
		1B20ED101CB512A3009047D5 /* PBXContainerItemProxy */ = {
			isa = PBXContainerItemProxy;
			containerPortal = 1B20ECE31CB512A3009047D5 /* Project object */;
			proxyType = 1;
			remoteGlobalIDString = 1B20ECEA1CB512A3009047D5;
			remoteInfo = BrowseOverflow;
		};
/* End PBXContainerItemProxy section */

/* Begin PBXFileReference section */
		1B20ECEB1CB512A3009047D5 /* BrowseOverflow.app */ = {isa = PBXFileReference; explicitFileType = wrapper.application; includeInIndex = 0; path = BrowseOverflow.app; sourceTree = BUILT_PRODUCTS_DIR; };
		1B20ECEF1CB512A3009047D5 /* main.m */ = {isa = PBXFileReference; lastKnownFileType = sourcecode.c.objc; path = main.m; sourceTree = "<group>"; };
		1B20ECF11CB512A3009047D5 /* AppDelegate.h */ = {isa = PBXFileReference; lastKnownFileType = sourcecode.c.h; path = AppDelegate.h; sourceTree = "<group>"; };
		1B20ECF21CB512A3009047D5 /* AppDelegate.m */ = {isa = PBXFileReference; lastKnownFileType = sourcecode.c.objc; path = AppDelegate.m; sourceTree = "<group>"; };
		1B20ECF41CB512A3009047D5 /* ViewController.h */ = {isa = PBXFileReference; lastKnownFileType = sourcecode.c.h; path = ViewController.h; sourceTree = "<group>"; };
		1B20ECF51CB512A3009047D5 /* ViewController.m */ = {isa = PBXFileReference; lastKnownFileType = sourcecode.c.objc; path = ViewController.m; sourceTree = "<group>"; };
		1B20ECF81CB512A3009047D5 /* Base */ = {isa = PBXFileReference; lastKnownFileType = file.storyboard; name = Base; path = Base.lproj/Main.storyboard; sourceTree = "<group>"; };
		1B20ECFA1CB512A3009047D5 /* Assets.xcassets */ = {isa = PBXFileReference; lastKnownFileType = folder.assetcatalog; path = Assets.xcassets; sourceTree = "<group>"; };
		1B20ECFD1CB512A3009047D5 /* Base */ = {isa = PBXFileReference; lastKnownFileType = file.storyboard; name = Base; path = Base.lproj/LaunchScreen.storyboard; sourceTree = "<group>"; };
		1B20ECFF1CB512A3009047D5 /* Info.plist */ = {isa = PBXFileReference; lastKnownFileType = text.plist.xml; path = Info.plist; sourceTree = "<group>"; };
		1B20ED041CB512A3009047D5 /* BrowseOverflowTests.xctest */ = {isa = PBXFileReference; explicitFileType = wrapper.cfbundle; includeInIndex = 0; path = BrowseOverflowTests.xctest; sourceTree = BUILT_PRODUCTS_DIR; };
		1B20ED081CB512A3009047D5 /* BrowseOverflowTests.m */ = {isa = PBXFileReference; lastKnownFileType = sourcecode.c.objc; path = BrowseOverflowTests.m; sourceTree = "<group>"; };
		1B20ED0A1CB512A3009047D5 /* Info.plist */ = {isa = PBXFileReference; lastKnownFileType = text.plist.xml; path = Info.plist; sourceTree = "<group>"; };
		1B20ED0F1CB512A3009047D5 /* BrowseOverflowUITests.xctest */ = {isa = PBXFileReference; explicitFileType = wrapper.cfbundle; includeInIndex = 0; path = BrowseOverflowUITests.xctest; sourceTree = BUILT_PRODUCTS_DIR; };
		1B20ED131CB512A3009047D5 /* BrowseOverflowUITests.m */ = {isa = PBXFileReference; lastKnownFileType = sourcecode.c.objc; path = BrowseOverflowUITests.m; sourceTree = "<group>"; };
		1B20ED151CB512A3009047D5 /* Info.plist */ = {isa = PBXFileReference; lastKnownFileType = text.plist.xml; path = Info.plist; sourceTree = "<group>"; };
		AB98E7EB1CB54A5B00E7ECAA /* Topic.h */ = {isa = PBXFileReference; fileEncoding = 4; lastKnownFileType = sourcecode.c.h; path = Topic.h; sourceTree = "<group>"; };
		AB98E7EC1CB54A5B00E7ECAA /* Topic.m */ = {isa = PBXFileReference; fileEncoding = 4; lastKnownFileType = sourcecode.c.objc; path = Topic.m; sourceTree = "<group>"; };
		AB98E7F11CB54AC900E7ECAA /* TopicTests.m */ = {isa = PBXFileReference; fileEncoding = 4; lastKnownFileType = sourcecode.c.objc; path = TopicTests.m; sourceTree = "<group>"; };
/* End PBXFileReference section */

/* Begin PBXFrameworksBuildPhase section */
		1B20ECE81CB512A3009047D5 /* Frameworks */ = {
			isa = PBXFrameworksBuildPhase;
			buildActionMask = 2147483647;
			files = (
			);
			runOnlyForDeploymentPostprocessing = 0;
		};
		1B20ED011CB512A3009047D5 /* Frameworks */ = {
			isa = PBXFrameworksBuildPhase;
			buildActionMask = 2147483647;
			files = (
			);
			runOnlyForDeploymentPostprocessing = 0;
		};
		1B20ED0C1CB512A3009047D5 /* Frameworks */ = {
			isa = PBXFrameworksBuildPhase;
			buildActionMask = 2147483647;
			files = (
			);
			runOnlyForDeploymentPostprocessing = 0;
		};
/* End PBXFrameworksBuildPhase section */

/* Begin PBXGroup section */
		1B20ECE21CB512A3009047D5 = {
			isa = PBXGroup;
			children = (
				1B20ECED1CB512A3009047D5 /* BrowseOverflow */,
				1B20ED071CB512A3009047D5 /* BrowseOverflowTests */,
				1B20ED121CB512A3009047D5 /* BrowseOverflowUITests */,
				1B20ECEC1CB512A3009047D5 /* Products */,
			);
			sourceTree = "<group>";
		};
		1B20ECEC1CB512A3009047D5 /* Products */ = {
			isa = PBXGroup;
			children = (
				1B20ECEB1CB512A3009047D5 /* BrowseOverflow.app */,
				1B20ED041CB512A3009047D5 /* BrowseOverflowTests.xctest */,
				1B20ED0F1CB512A3009047D5 /* BrowseOverflowUITests.xctest */,
			);
			name = Products;
			sourceTree = "<group>";
		};
		1B20ECED1CB512A3009047D5 /* BrowseOverflow */ = {
			isa = PBXGroup;
			children = (
				AB98E7EB1CB54A5B00E7ECAA /* Topic.h */,
				AB98E7EC1CB54A5B00E7ECAA /* Topic.m */,
				1B20ECF11CB512A3009047D5 /* AppDelegate.h */,
				1B20ECF21CB512A3009047D5 /* AppDelegate.m */,
				1B20ECF41CB512A3009047D5 /* ViewController.h */,
				1B20ECF51CB512A3009047D5 /* ViewController.m */,
				1B20ECF71CB512A3009047D5 /* Main.storyboard */,
				1B20ECFA1CB512A3009047D5 /* Assets.xcassets */,
				1B20ECFC1CB512A3009047D5 /* LaunchScreen.storyboard */,
				1B20ECFF1CB512A3009047D5 /* Info.plist */,
				1B20ECEE1CB512A3009047D5 /* Supporting Files */,
			);
			path = BrowseOverflow;
			sourceTree = "<group>";
		};
		1B20ECEE1CB512A3009047D5 /* Supporting Files */ = {
			isa = PBXGroup;
			children = (
				1B20ECEF1CB512A3009047D5 /* main.m */,
			);
			name = "Supporting Files";
			sourceTree = "<group>";
		};
		1B20ED071CB512A3009047D5 /* BrowseOverflowTests */ = {
			isa = PBXGroup;
			children = (
				1B20ED081CB512A3009047D5 /* BrowseOverflowTests.m */,
				1B20ED0A1CB512A3009047D5 /* Info.plist */,
				AB98E7F11CB54AC900E7ECAA /* TopicTests.m */,
			);
			path = BrowseOverflowTests;
			sourceTree = "<group>";
		};
		1B20ED121CB512A3009047D5 /* BrowseOverflowUITests */ = {
			isa = PBXGroup;
			children = (
				1B20ED131CB512A3009047D5 /* BrowseOverflowUITests.m */,
				1B20ED151CB512A3009047D5 /* Info.plist */,
			);
			path = BrowseOverflowUITests;
			sourceTree = "<group>";
		};
/* End PBXGroup section */

/* Begin PBXNativeTarget section */
		1B20ECEA1CB512A3009047D5 /* BrowseOverflow */ = {
			isa = PBXNativeTarget;
			buildConfigurationList = 1B20ED181CB512A3009047D5 /* Build configuration list for PBXNativeTarget "BrowseOverflow" */;
			buildPhases = (
				1B20ECE71CB512A3009047D5 /* Sources */,
				1B20ECE81CB512A3009047D5 /* Frameworks */,
				1B20ECE91CB512A3009047D5 /* Resources */,
			);
			buildRules = (
			);
			dependencies = (
			);
			name = BrowseOverflow;
			productName = BrowseOverflow;
			productReference = 1B20ECEB1CB512A3009047D5 /* BrowseOverflow.app */;
			productType = "com.apple.product-type.application";
		};
		1B20ED031CB512A3009047D5 /* BrowseOverflowTests */ = {
			isa = PBXNativeTarget;
			buildConfigurationList = 1B20ED1B1CB512A3009047D5 /* Build configuration list for PBXNativeTarget "BrowseOverflowTests" */;
			buildPhases = (
				1B20ED001CB512A3009047D5 /* Sources */,
				1B20ED011CB512A3009047D5 /* Frameworks */,
				1B20ED021CB512A3009047D5 /* Resources */,
			);
			buildRules = (
			);
			dependencies = (
				1B20ED061CB512A3009047D5 /* PBXTargetDependency */,
			);
			name = BrowseOverflowTests;
			productName = BrowseOverflowTests;
			productReference = 1B20ED041CB512A3009047D5 /* BrowseOverflowTests.xctest */;
			productType = "com.apple.product-type.bundle.unit-test";
		};
		1B20ED0E1CB512A3009047D5 /* BrowseOverflowUITests */ = {
			isa = PBXNativeTarget;
			buildConfigurationList = 1B20ED1E1CB512A3009047D5 /* Build configuration list for PBXNativeTarget "BrowseOverflowUITests" */;
			buildPhases = (
				1B20ED0B1CB512A3009047D5 /* Sources */,
				1B20ED0C1CB512A3009047D5 /* Frameworks */,
				1B20ED0D1CB512A3009047D5 /* Resources */,
			);
			buildRules = (
			);
			dependencies = (
				1B20ED111CB512A3009047D5 /* PBXTargetDependency */,
			);
			name = BrowseOverflowUITests;
			productName = BrowseOverflowUITests;
			productReference = 1B20ED0F1CB512A3009047D5 /* BrowseOverflowUITests.xctest */;
			productType = "com.apple.product-type.bundle.ui-testing";
		};
/* End PBXNativeTarget section */

/* Begin PBXProject section */
		1B20ECE31CB512A3009047D5 /* Project object */ = {
			isa = PBXProject;
			attributes = {
				LastUpgradeCheck = 0730;
				ORGANIZATIONNAME = "bmob-LT";
				TargetAttributes = {
					1B20ECEA1CB512A3009047D5 = {
						CreatedOnToolsVersion = 7.3;
					};
					1B20ED031CB512A3009047D5 = {
						CreatedOnToolsVersion = 7.3;
						TestTargetID = 1B20ECEA1CB512A3009047D5;
					};
					1B20ED0E1CB512A3009047D5 = {
						CreatedOnToolsVersion = 7.3;
						TestTargetID = 1B20ECEA1CB512A3009047D5;
					};
				};
			};
			buildConfigurationList = 1B20ECE61CB512A3009047D5 /* Build configuration list for PBXProject "BrowseOverflow" */;
			compatibilityVersion = "Xcode 3.2";
			developmentRegion = English;
			hasScannedForEncodings = 0;
			knownRegions = (
				en,
				Base,
			);
			mainGroup = 1B20ECE21CB512A3009047D5;
			productRefGroup = 1B20ECEC1CB512A3009047D5 /* Products */;
			projectDirPath = "";
			projectRoot = "";
			targets = (
				1B20ECEA1CB512A3009047D5 /* BrowseOverflow */,
				1B20ED031CB512A3009047D5 /* BrowseOverflowTests */,
				1B20ED0E1CB512A3009047D5 /* BrowseOverflowUITests */,
			);
		};
/* End PBXProject section */

/* Begin PBXResourcesBuildPhase section */
		1B20ECE91CB512A3009047D5 /* Resources */ = {
			isa = PBXResourcesBuildPhase;
			buildActionMask = 2147483647;
			files = (
				1B20ECFE1CB512A3009047D5 /* LaunchScreen.storyboard in Resources */,
				1B20ECFB1CB512A3009047D5 /* Assets.xcassets in Resources */,
				1B20ECF91CB512A3009047D5 /* Main.storyboard in Resources */,
			);
			runOnlyForDeploymentPostprocessing = 0;
		};
		1B20ED021CB512A3009047D5 /* Resources */ = {
			isa = PBXResourcesBuildPhase;
			buildActionMask = 2147483647;
			files = (
			);
			runOnlyForDeploymentPostprocessing = 0;
		};
		1B20ED0D1CB512A3009047D5 /* Resources */ = {
			isa = PBXResourcesBuildPhase;
			buildActionMask = 2147483647;
			files = (
			);
			runOnlyForDeploymentPostprocessing = 0;
		};
/* End PBXResourcesBuildPhase section */

/* Begin PBXSourcesBuildPhase section */
		1B20ECE71CB512A3009047D5 /* Sources */ = {
			isa = PBXSourcesBuildPhase;
			buildActionMask = 2147483647;
			files = (
				1B20ECF61CB512A3009047D5 /* ViewController.m in Sources */,
				AB98E7ED1CB54A5B00E7ECAA /* Topic.m in Sources */,
				1B20ECF31CB512A3009047D5 /* AppDelegate.m in Sources */,
				1B20ECF01CB512A3009047D5 /* main.m in Sources */,
			);
			runOnlyForDeploymentPostprocessing = 0;
		};
		1B20ED001CB512A3009047D5 /* Sources */ = {
			isa = PBXSourcesBuildPhase;
			buildActionMask = 2147483647;
			files = (
				1B20ED091CB512A3009047D5 /* BrowseOverflowTests.m in Sources */,
				AB98E7F21CB54AC900E7ECAA /* TopicTests.m in Sources */,
				AB98E7EE1CB54A5B00E7ECAA /* Topic.m in Sources */,
			);
			runOnlyForDeploymentPostprocessing = 0;
		};
		1B20ED0B1CB512A3009047D5 /* Sources */ = {
			isa = PBXSourcesBuildPhase;
			buildActionMask = 2147483647;
			files = (
				1B20ED141CB512A3009047D5 /* BrowseOverflowUITests.m in Sources */,
			);
			runOnlyForDeploymentPostprocessing = 0;
		};
/* End PBXSourcesBuildPhase section */

/* Begin PBXTargetDependency section */
		1B20ED061CB512A3009047D5 /* PBXTargetDependency */ = {
			isa = PBXTargetDependency;
			target = 1B20ECEA1CB512A3009047D5 /* BrowseOverflow */;
			targetProxy = 1B20ED051CB512A3009047D5 /* PBXContainerItemProxy */;
		};
		1B20ED111CB512A3009047D5 /* PBXTargetDependency */ = {
			isa = PBXTargetDependency;
			target = 1B20ECEA1CB512A3009047D5 /* BrowseOverflow */;
			targetProxy = 1B20ED101CB512A3009047D5 /* PBXContainerItemProxy */;
		};
/* End PBXTargetDependency section */

/* Begin PBXVariantGroup section */
		1B20ECF71CB512A3009047D5 /* Main.storyboard */ = {
			isa = PBXVariantGroup;
			children = (
				1B20ECF81CB512A3009047D5 /* Base */,
			);
			name = Main.storyboard;
			sourceTree = "<group>";
		};
		1B20ECFC1CB512A3009047D5 /* LaunchScreen.storyboard */ = {
			isa = PBXVariantGroup;
			children = (
				1B20ECFD1CB512A3009047D5 /* Base */,
			);
			name = LaunchScreen.storyboard;
			sourceTree = "<group>";
		};
/* End PBXVariantGroup section */

/* Begin XCBuildConfiguration section */
		1B20ED161CB512A3009047D5 /* Debug */ = {
			isa = XCBuildConfiguration;
			buildSettings = {
				ALWAYS_SEARCH_USER_PATHS = NO;
				CLANG_ANALYZER_NONNULL = YES;
				CLANG_CXX_LANGUAGE_STANDARD = "gnu++0x";
				CLANG_CXX_LIBRARY = "libc++";
				CLANG_ENABLE_MODULES = YES;
				CLANG_ENABLE_OBJC_ARC = YES;
				CLANG_WARN_BOOL_CONVERSION = YES;
				CLANG_WARN_CONSTANT_CONVERSION = YES;
				CLANG_WARN_DIRECT_OBJC_ISA_USAGE = YES_ERROR;
				CLANG_WARN_EMPTY_BODY = YES;
				CLANG_WARN_ENUM_CONVERSION = YES;
				CLANG_WARN_INT_CONVERSION = YES;
				CLANG_WARN_OBJC_ROOT_CLASS = YES_ERROR;
				CLANG_WARN_UNREACHABLE_CODE = YES;
				CLANG_WARN__DUPLICATE_METHOD_MATCH = YES;
				"CODE_SIGN_IDENTITY[sdk=iphoneos*]" = "iPhone Developer";
				COPY_PHASE_STRIP = NO;
				DEBUG_INFORMATION_FORMAT = dwarf;
				ENABLE_STRICT_OBJC_MSGSEND = YES;
				ENABLE_TESTABILITY = YES;
				GCC_C_LANGUAGE_STANDARD = gnu99;
				GCC_DYNAMIC_NO_PIC = NO;
				GCC_NO_COMMON_BLOCKS = YES;
				GCC_OPTIMIZATION_LEVEL = 0;
				GCC_PREPROCESSOR_DEFINITIONS = (
					"DEBUG=1",
					"$(inherited)",
				);
				GCC_WARN_64_TO_32_BIT_CONVERSION = YES;
				GCC_WARN_ABOUT_RETURN_TYPE = YES_ERROR;
				GCC_WARN_UNDECLARED_SELECTOR = YES;
				GCC_WARN_UNINITIALIZED_AUTOS = YES_AGGRESSIVE;
				GCC_WARN_UNUSED_FUNCTION = YES;
				GCC_WARN_UNUSED_VARIABLE = YES;
				IPHONEOS_DEPLOYMENT_TARGET = 9.3;
				MTL_ENABLE_DEBUG_INFO = YES;
				ONLY_ACTIVE_ARCH = YES;
				SDKROOT = iphoneos;
				TARGETED_DEVICE_FAMILY = "1,2";
			};
			name = Debug;
		};
		1B20ED171CB512A3009047D5 /* Release */ = {
			isa = XCBuildConfiguration;
			buildSettings = {
				ALWAYS_SEARCH_USER_PATHS = NO;
				CLANG_ANALYZER_NONNULL = YES;
				CLANG_CXX_LANGUAGE_STANDARD = "gnu++0x";
				CLANG_CXX_LIBRARY = "libc++";
				CLANG_ENABLE_MODULES = YES;
				CLANG_ENABLE_OBJC_ARC = YES;
				CLANG_WARN_BOOL_CONVERSION = YES;
				CLANG_WARN_CONSTANT_CONVERSION = YES;
				CLANG_WARN_DIRECT_OBJC_ISA_USAGE = YES_ERROR;
				CLANG_WARN_EMPTY_BODY = YES;
				CLANG_WARN_ENUM_CONVERSION = YES;
				CLANG_WARN_INT_CONVERSION = YES;
				CLANG_WARN_OBJC_ROOT_CLASS = YES_ERROR;
				CLANG_WARN_UNREACHABLE_CODE = YES;
				CLANG_WARN__DUPLICATE_METHOD_MATCH = YES;
				"CODE_SIGN_IDENTITY[sdk=iphoneos*]" = "iPhone Developer";
				COPY_PHASE_STRIP = NO;
				DEBUG_INFORMATION_FORMAT = "dwarf-with-dsym";
				ENABLE_NS_ASSERTIONS = NO;
				ENABLE_STRICT_OBJC_MSGSEND = YES;
				GCC_C_LANGUAGE_STANDARD = gnu99;
				GCC_NO_COMMON_BLOCKS = YES;
				GCC_WARN_64_TO_32_BIT_CONVERSION = YES;
				GCC_WARN_ABOUT_RETURN_TYPE = YES_ERROR;
				GCC_WARN_UNDECLARED_SELECTOR = YES;
				GCC_WARN_UNINITIALIZED_AUTOS = YES_AGGRESSIVE;
				GCC_WARN_UNUSED_FUNCTION = YES;
				GCC_WARN_UNUSED_VARIABLE = YES;
				IPHONEOS_DEPLOYMENT_TARGET = 9.3;
				MTL_ENABLE_DEBUG_INFO = NO;
				SDKROOT = iphoneos;
				TARGETED_DEVICE_FAMILY = "1,2";
				VALIDATE_PRODUCT = YES;
			};
			name = Release;
		};
		1B20ED191CB512A3009047D5 /* Debug */ = {
			isa = XCBuildConfiguration;
			buildSettings = {
				ASSETCATALOG_COMPILER_APPICON_NAME = AppIcon;
				INFOPLIST_FILE = BrowseOverflow/Info.plist;
				LD_RUNPATH_SEARCH_PATHS = "$(inherited) @executable_path/Frameworks";
				PRODUCT_BUNDLE_IDENTIFIER = limao.BrowseOverflow;
				PRODUCT_NAME = "$(TARGET_NAME)";
			};
			name = Debug;
		};
		1B20ED1A1CB512A3009047D5 /* Release */ = {
			isa = XCBuildConfiguration;
			buildSettings = {
				ASSETCATALOG_COMPILER_APPICON_NAME = AppIcon;
				INFOPLIST_FILE = BrowseOverflow/Info.plist;
				LD_RUNPATH_SEARCH_PATHS = "$(inherited) @executable_path/Frameworks";
				PRODUCT_BUNDLE_IDENTIFIER = limao.BrowseOverflow;
				PRODUCT_NAME = "$(TARGET_NAME)";
			};
			name = Release;
		};
		1B20ED1C1CB512A3009047D5 /* Debug */ = {
			isa = XCBuildConfiguration;
			buildSettings = {
				BUNDLE_LOADER = "$(TEST_HOST)";
				INFOPLIST_FILE = BrowseOverflowTests/Info.plist;
				LD_RUNPATH_SEARCH_PATHS = "$(inherited) @executable_path/Frameworks @loader_path/Frameworks";
				PRODUCT_BUNDLE_IDENTIFIER = limao.BrowseOverflowTests;
				PRODUCT_NAME = "$(TARGET_NAME)";
				TEST_HOST = "$(BUILT_PRODUCTS_DIR)/BrowseOverflow.app/BrowseOverflow";
			};
			name = Debug;
		};
		1B20ED1D1CB512A3009047D5 /* Release */ = {
			isa = XCBuildConfiguration;
			buildSettings = {
				BUNDLE_LOADER = "$(TEST_HOST)";
				INFOPLIST_FILE = BrowseOverflowTests/Info.plist;
				LD_RUNPATH_SEARCH_PATHS = "$(inherited) @executable_path/Frameworks @loader_path/Frameworks";
				PRODUCT_BUNDLE_IDENTIFIER = limao.BrowseOverflowTests;
				PRODUCT_NAME = "$(TARGET_NAME)";
				TEST_HOST = "$(BUILT_PRODUCTS_DIR)/BrowseOverflow.app/BrowseOverflow";
			};
			name = Release;
		};
		1B20ED1F1CB512A3009047D5 /* Debug */ = {
			isa = XCBuildConfiguration;
			buildSettings = {
				INFOPLIST_FILE = BrowseOverflowUITests/Info.plist;
				LD_RUNPATH_SEARCH_PATHS = "$(inherited) @executable_path/Frameworks @loader_path/Frameworks";
				PRODUCT_BUNDLE_IDENTIFIER = limao.BrowseOverflowUITests;
				PRODUCT_NAME = "$(TARGET_NAME)";
				TEST_TARGET_NAME = BrowseOverflow;
			};
			name = Debug;
		};
		1B20ED201CB512A3009047D5 /* Release */ = {
			isa = XCBuildConfiguration;
			buildSettings = {
				INFOPLIST_FILE = BrowseOverflowUITests/Info.plist;
				LD_RUNPATH_SEARCH_PATHS = "$(inherited) @executable_path/Frameworks @loader_path/Frameworks";
				PRODUCT_BUNDLE_IDENTIFIER = limao.BrowseOverflowUITests;
				PRODUCT_NAME = "$(TARGET_NAME)";
				TEST_TARGET_NAME = BrowseOverflow;
			};
			name = Release;
		};
/* End XCBuildConfiguration section */

/* Begin XCConfigurationList section */
		1B20ECE61CB512A3009047D5 /* Build configuration list for PBXProject "BrowseOverflow" */ = {
			isa = XCConfigurationList;
			buildConfigurations = (
				1B20ED161CB512A3009047D5 /* Debug */,
				1B20ED171CB512A3009047D5 /* Release */,
			);
			defaultConfigurationIsVisible = 0;
			defaultConfigurationName = Release;
		};
		1B20ED181CB512A3009047D5 /* Build configuration list for PBXNativeTarget "BrowseOverflow" */ = {
			isa = XCConfigurationList;
			buildConfigurations = (
				1B20ED191CB512A3009047D5 /* Debug */,
				1B20ED1A1CB512A3009047D5 /* Release */,
			);
			defaultConfigurationIsVisible = 0;
			defaultConfigurationName = Release;
		};
		1B20ED1B1CB512A3009047D5 /* Build configuration list for PBXNativeTarget "BrowseOverflowTests" */ = {
			isa = XCConfigurationList;
			buildConfigurations = (
				1B20ED1C1CB512A3009047D5 /* Debug */,
				1B20ED1D1CB512A3009047D5 /* Release */,
			);
			defaultConfigurationIsVisible = 0;
			defaultConfigurationName = Release;
		};
		1B20ED1E1CB512A3009047D5 /* Build configuration list for PBXNativeTarget "BrowseOverflowUITests" */ = {
			isa = XCConfigurationList;
			buildConfigurations = (
				1B20ED1F1CB512A3009047D5 /* Debug */,
				1B20ED201CB512A3009047D5 /* Release */,
			);
			defaultConfigurationIsVisible = 0;
			defaultConfigurationName = Release;
		};
/* End XCConfigurationList section */
	};
	rootObject = 1B20ECE31CB512A3009047D5 /* Project object */;
}
